{
  "name": "LesPetitsPlats_version forEach",
  "lockfileVersion": 2,
  "requires": true,
  "packages": {
    "": {
      "dependencies": {
        "jsbench": "^1.2.0"
      }
    },
    "node_modules/jsbench": {
      "version": "1.2.0",
      "resolved": "https://registry.npmjs.org/jsbench/-/jsbench-1.2.0.tgz",
      "integrity": "sha512-VRSquhYHCu5be/Vi07RON8gw+ADWKEAdEdpKxnncQ6PeFBVGodel1CoKbUMKBHqyvHkTtyFqwxnx80m/D8I2Xw==",
      "dependencies": {
        "thunks": ">=4.9.0"
      },
      "engines": {
        "node": ">= 4"
      }
    },
    "node_modules/thunks": {
      "version": "4.9.6",
      "resolved": "https://registry.npmjs.org/thunks/-/thunks-4.9.6.tgz",
      "integrity": "sha512-ulXG17ZokTO8j0rTx/23YHsBuz6KAK1xdBPLH4zB1FRDUkttCQeli3DxGhhYtrrsRwzacSG+ZIebjSgLseluMw=="
    }
  },
  "dependencies": {
    "jsbench": {
      "version": "1.2.0",
      "resolved": "https://registry.npmjs.org/jsbench/-/jsbench-1.2.0.tgz",
      "integrity": "sha512-VRSquhYHCu5be/Vi07RON8gw+ADWKEAdEdpKxnncQ6PeFBVGodel1CoKbUMKBHqyvHkTtyFqwxnx80m/D8I2Xw==",
      "requires": {
        "thunks": ">=4.9.0"
      }
    },
    "thunks": {
      "version": "4.9.6",
      "resolved": "https://registry.npmjs.org/thunks/-/thunks-4.9.6.tgz",
      "integrity": "sha512-ulXG17ZokTO8j0rTx/23YHsBuz6KAK1xdBPLH4zB1FRDUkttCQeli3DxGhhYtrrsRwzacSG+ZIebjSgLseluMw=="
    }
  }
}
